
Microsoft Visual Studio Solution File, Format Version 12.00
# Visual Studio Version 16
VisualStudioVersion = 16.0.31019.35
MinimumVisualStudioVersion = 10.0.40219.1
Project("{2150E333-8FDC-42A3-9474-1A3956D46DE8}") = "Core", "Core", "{622D9DFC-7487-4133-937F-D9FF45D2FBAF}"
EndProject
Project("{2150E333-8FDC-42A3-9474-1A3956D46DE8}") = "Infrastructure", "Infrastructure", "{ED020E88-C7C9-40E7-996C-F07E66CD33CF}"
EndProject
Project("{2150E333-8FDC-42A3-9474-1A3956D46DE8}") = "API", "API", "{09A678C4-85FD-45F9-B80E-7B5035C906BA}"
EndProject
Project("{2150E333-8FDC-42A3-9474-1A3956D46DE8}") = "src", "src", "{879CC773-2578-4FFE-9C2F-42A18592A56F}"
EndProject
Project("{2150E333-8FDC-42A3-9474-1A3956D46DE8}") = "tests", "tests", "{2316DFBD-9D02-4FE1-96A7-1F19C77304AA}"
EndProject
Project("{9A19103F-16F7-4668-BE54-9A1E7A4F7556}") = "DevRoom.Infrastructure", "DevRoom.Infrastructure\DevRoom.Infrastructure.csproj", "{E0AA1748-EB42-4296-B523-6F2D834CD959}"
EndProject
Project("{9A19103F-16F7-4668-BE54-9A1E7A4F7556}") = "DevRoom.Persistence", "DevRoom.Persistence\DevRoom.Persistence.csproj", "{83A42B5F-A7CE-41A7-9EB2-E9A4481D2190}"
EndProject
Project("{9A19103F-16F7-4668-BE54-9A1E7A4F7556}") = "DevRoom.Domain", "DevRoom.Domain\DevRoom.Domain.csproj", "{A0675428-5100-47E7-A226-B8BE1F494651}"
EndProject
Project("{9A19103F-16F7-4668-BE54-9A1E7A4F7556}") = "DevRoom.Application", "DevRoom.Application\DevRoom.Application.csproj", "{37F2A90D-E6BC-4BCB-B16D-9128B2FE7BBF}"
EndProject
Project("{9A19103F-16F7-4668-BE54-9A1E7A4F7556}") = "DevRoom.Api", "DevRoom.Api\DevRoom.Api.csproj", "{D307D9FC-2B17-4FB7-AA0C-BE6415F51D03}"
EndProject
Project("{FAE04EC0-301F-11D3-BF4B-00C04F79EFBC}") = "DevRoom.Application.UnitTests", "DevRoom.Application.UnitTests\DevRoom.Application.UnitTests.csproj", "{66326930-F9B7-4596-A67F-76C689B1C508}"
EndProject
Project("{2150E333-8FDC-42A3-9474-1A3956D46DE8}") = "UI", "UI", "{62E275A0-35F9-11EC-85F2-1B72F55918DF}"
EndProject
Global
	GlobalSection(SolutionConfigurationPlatforms) = preSolution
		Debug|Any CPU = Debug|Any CPU
		Release|Any CPU = Release|Any CPU
	EndGlobalSection
	GlobalSection(ProjectConfigurationPlatforms) = postSolution
		{E0AA1748-EB42-4296-B523-6F2D834CD959}.Debug|Any CPU.ActiveCfg = Debug|Any CPU
		{E0AA1748-EB42-4296-B523-6F2D834CD959}.Debug|Any CPU.Build.0 = Debug|Any CPU
		{E0AA1748-EB42-4296-B523-6F2D834CD959}.Release|Any CPU.ActiveCfg = Release|Any CPU
		{E0AA1748-EB42-4296-B523-6F2D834CD959}.Release|Any CPU.Build.0 = Release|Any CPU
		{83A42B5F-A7CE-41A7-9EB2-E9A4481D2190}.Debug|Any CPU.ActiveCfg = Debug|Any CPU
		{83A42B5F-A7CE-41A7-9EB2-E9A4481D2190}.Debug|Any CPU.Build.0 = Debug|Any CPU
		{83A42B5F-A7CE-41A7-9EB2-E9A4481D2190}.Release|Any CPU.ActiveCfg = Release|Any CPU
		{83A42B5F-A7CE-41A7-9EB2-E9A4481D2190}.Release|Any CPU.Build.0 = Release|Any CPU
		{A0675428-5100-47E7-A226-B8BE1F494651}.Debug|Any CPU.ActiveCfg = Debug|Any CPU
		{A0675428-5100-47E7-A226-B8BE1F494651}.Debug|Any CPU.Build.0 = Debug|Any CPU
		{A0675428-5100-47E7-A226-B8BE1F494651}.Release|Any CPU.ActiveCfg = Release|Any CPU
		{A0675428-5100-47E7-A226-B8BE1F494651}.Release|Any CPU.Build.0 = Release|Any CPU
		{37F2A90D-E6BC-4BCB-B16D-9128B2FE7BBF}.Debug|Any CPU.ActiveCfg = Debug|Any CPU
		{37F2A90D-E6BC-4BCB-B16D-9128B2FE7BBF}.Debug|Any CPU.Build.0 = Debug|Any CPU
		{37F2A90D-E6BC-4BCB-B16D-9128B2FE7BBF}.Release|Any CPU.ActiveCfg = Release|Any CPU
		{37F2A90D-E6BC-4BCB-B16D-9128B2FE7BBF}.Release|Any CPU.Build.0 = Release|Any CPU
		{D307D9FC-2B17-4FB7-AA0C-BE6415F51D03}.Debug|Any CPU.ActiveCfg = Debug|Any CPU
		{D307D9FC-2B17-4FB7-AA0C-BE6415F51D03}.Debug|Any CPU.Build.0 = Debug|Any CPU
		{D307D9FC-2B17-4FB7-AA0C-BE6415F51D03}.Release|Any CPU.ActiveCfg = Release|Any CPU
		{D307D9FC-2B17-4FB7-AA0C-BE6415F51D03}.Release|Any CPU.Build.0 = Release|Any CPU
		{66326930-F9B7-4596-A67F-76C689B1C508}.Debug|Any CPU.ActiveCfg = Debug|Any CPU
		{66326930-F9B7-4596-A67F-76C689B1C508}.Debug|Any CPU.Build.0 = Debug|Any CPU
		{66326930-F9B7-4596-A67F-76C689B1C508}.Release|Any CPU.ActiveCfg = Release|Any CPU
		{66326930-F9B7-4596-A67F-76C689B1C508}.Release|Any CPU.Build.0 = Release|Any CPU
	EndGlobalSection
	GlobalSection(SolutionProperties) = preSolution
		HideSolutionNode = FALSE
	EndGlobalSection
	GlobalSection(NestedProjects) = preSolution
		{62E275A0-35F9-11EC-85F2-1B72F55918DF} = {879CC773-2578-4FFE-9C2F-42A18592A56F}
		{66326930-F9B7-4596-A67F-76C689B1C508} = {2316DFBD-9D02-4FE1-96A7-1F19C77304AA}
		{622D9DFC-7487-4133-937F-D9FF45D2FBAF} = {879CC773-2578-4FFE-9C2F-42A18592A56F}
		{ED020E88-C7C9-40E7-996C-F07E66CD33CF} = {879CC773-2578-4FFE-9C2F-42A18592A56F}
		{09A678C4-85FD-45F9-B80E-7B5035C906BA} = {879CC773-2578-4FFE-9C2F-42A18592A56F}
		{E0AA1748-EB42-4296-B523-6F2D834CD959} = {ED020E88-C7C9-40E7-996C-F07E66CD33CF}
		{83A42B5F-A7CE-41A7-9EB2-E9A4481D2190} = {ED020E88-C7C9-40E7-996C-F07E66CD33CF}
		{A0675428-5100-47E7-A226-B8BE1F494651} = {622D9DFC-7487-4133-937F-D9FF45D2FBAF}
		{37F2A90D-E6BC-4BCB-B16D-9128B2FE7BBF} = {622D9DFC-7487-4133-937F-D9FF45D2FBAF}
		{D307D9FC-2B17-4FB7-AA0C-BE6415F51D03} = {09A678C4-85FD-45F9-B80E-7B5035C906BA}
	EndGlobalSection
	GlobalSection(ExtensibilityGlobals) = postSolution
		SolutionGuid = {A4CDABDC-7E38-43E7-AFA4-C0EA2D372F99}
	EndGlobalSection
EndGlobal
